
Microsoft Visual Studio Solution File, Format Version 12.00
# Visual Studio Version 17
VisualStudioVersion = 17.1.32210.238
MinimumVisualStudioVersion = 10.0.40219.1
Project("{FAE04EC0-301F-11D3-BF4B-00C04F79EFBC}") = "Ex02_Basic", "Ex02_Basic\Ex02_Basic.csproj", "{4F9A1F0C-6AE2-484B-9FBB-A246B59FC3E7}"
EndProject
Project("{FAE04EC0-301F-11D3-BF4B-00C04F79EFBC}") = "Ex03_Emplib", "Ex03_Emplib\Ex03_Emplib.csproj", "{2418B7BD-E1DF-46DC-8732-5DD1AB58033F}"
EndProject
Project("{9A19103F-16F7-4668-BE54-9A1E7A4F7556}") = "Ex01_Basic", "Ex01_Basic\Ex01_Basic.csproj", "{F02ECEEF-FD86-459A-A981-B7C7F1387FE2}"
EndProject
Project("{FAE04EC0-301F-11D3-BF4B-00C04F79EFBC}") = "Ex04_RefType", "Ex04_RefType\Ex04_RefType.csproj", "{28229E64-6ED7-45A8-9C04-8774B6A98A08}"
EndProject
Project("{FAE04EC0-301F-11D3-BF4B-00C04F79EFBC}") = "Ex05_ValueType", "Ex05_ValueType\Ex05_ValueType.csproj", "{7692280A-2817-4F19-85D1-812D51B4EA06}"
EndProject
Project("{FAE04EC0-301F-11D3-BF4B-00C04F79EFBC}") = "Ex06_Opr", "Ex06_Opr\Ex06_Opr.csproj", "{7C7ED3E1-355E-4BD4-898D-6483086564EC}"
EndProject
Project("{FAE04EC0-301F-11D3-BF4B-00C04F79EFBC}") = "Ex07_statement", "Ex07_statement\Ex07_statement.csproj", "{C388A88E-CDB0-4F95-9DED-82D7086752F8}"
EndProject
Project("{FAE04EC0-301F-11D3-BF4B-00C04F79EFBC}") = "homework", "homework1\homework.csproj", "{88A565F9-3BE0-4044-B114-CAA27F9AA551}"
EndProject
Project("{FAE04EC0-301F-11D3-BF4B-00C04F79EFBC}") = "Ex08_statement2", "Ex08_statement2\Ex08_statement2.csproj", "{F5F21EA1-27F3-44EB-84BF-CF1068211BB9}"
EndProject
Project("{FAE04EC0-301F-11D3-BF4B-00C04F79EFBC}") = "Ex08_statement3", "Ex08_statement3\Ex08_statement3.csproj", "{EB83E0FF-2294-4B22-8E77-13C0D02EE17D}"
EndProject
Project("{FAE04EC0-301F-11D3-BF4B-00C04F79EFBC}") = "Ex10_class", "Ex10_class\Ex10_class.csproj", "{78BEEEF2-DB61-415F-B982-ED82BAD0E8FC}"
EndProject
Project("{FAE04EC0-301F-11D3-BF4B-00C04F79EFBC}") = "Ex11_class_method", "Ex11_class_method\Ex11_class_method.csproj", "{8292FCDA-80A2-4C84-B2FA-7BCEA791E6A6}"
EndProject
Project("{FAE04EC0-301F-11D3-BF4B-00C04F79EFBC}") = "Ex12_class", "Ex12_class\Ex12_class.csproj", "{144F0461-E7DD-4388-A26F-36C1CDBF7DA4}"
EndProject
Project("{FAE04EC0-301F-11D3-BF4B-00C04F79EFBC}") = "Ex13_static", "Ex13_static\Ex13_static.csproj", "{1A6EE957-32FE-4A6D-BD1E-24E259FB8641}"
EndProject
Project("{FAE04EC0-301F-11D3-BF4B-00C04F79EFBC}") = "Ex14_static", "Ex14_static\Ex14_static.csproj", "{C6B7573C-EDF0-432D-94BB-0DCBAFB40830}"
EndProject
Project("{FAE04EC0-301F-11D3-BF4B-00C04F79EFBC}") = "Ex15_static_scope", "Ex15_static_scope\Ex15_static_scope.csproj", "{2FBCB8BC-93B6-42B0-BE5C-B38E044A6004}"
EndProject
Project("{FAE04EC0-301F-11D3-BF4B-00C04F79EFBC}") = "Ex16_constructor", "Ex16_constructor\Ex16_constructor.csproj", "{17C1D916-C34B-427E-8F7D-CB0D8E06BC98}"
EndProject
Project("{FAE04EC0-301F-11D3-BF4B-00C04F79EFBC}") = "Ex17_constructor_static", "Ex17_constructor_static\Ex17_constructor_static.csproj", "{36FAE846-1645-44D9-BBC9-486064879C0B}"
EndProject
Project("{FAE04EC0-301F-11D3-BF4B-00C04F79EFBC}") = "Ex18_const_readonly", "Ex18_const_readonly\Ex18_const_readonly.csproj", "{82AEB089-7B71-4F4A-9544-CDD9EE445AFB}"
EndProject
Project("{FAE04EC0-301F-11D3-BF4B-00C04F79EFBC}") = "Ex19_CallBtVal_CallByRef", "Ex19_CallBtVal_CallByRef\Ex19_CallBtVal_CallByRef.csproj", "{C2881B2A-570D-44DE-B7E1-9196F26D1466}"
EndProject
Project("{FAE04EC0-301F-11D3-BF4B-00C04F79EFBC}") = "Ex20_Array", "Ex20_Array\Ex20_Array.csproj", "{3F6DB1B6-C72E-4D5B-8EEB-5495023EAF22}"
EndProject
Project("{FAE04EC0-301F-11D3-BF4B-00C04F79EFBC}") = "Ex21_Object_Array", "Ex21_Object_Array\Ex21_Object_Array.csproj", "{22877CC6-6AAA-4607-95F4-D80C26D1857D}"
EndProject
Project("{FAE04EC0-301F-11D3-BF4B-00C04F79EFBC}") = "Ex22_Array_Quiz", "Ex22_Array_Quiz\Ex22_Array_Quiz.csproj", "{21D34330-057B-4076-A3F5-2AAA3651F265}"
EndProject
Project("{FAE04EC0-301F-11D3-BF4B-00C04F79EFBC}") = "Ex23_Array_Cinema", "Ex23_Array_Cinema\Ex23_Array_Cinema.csproj", "{C33702C4-E51D-49E4-899A-A60151D9F027}"
EndProject
Project("{FAE04EC0-301F-11D3-BF4B-00C04F79EFBC}") = "Ex24_Array_Param", "Ex24_Array_Param\Ex24_Array_Param.csproj", "{50969596-ADFA-435C-89FF-DC27AA93A61D}"
EndProject
Project("{FAE04EC0-301F-11D3-BF4B-00C04F79EFBC}") = "Ex25_String_class", "Ex25_String_class\Ex25_String_class.csproj", "{11CEB391-C303-4CB7-920E-7CCC716F3D86}"
EndProject
Project("{FAE04EC0-301F-11D3-BF4B-00C04F79EFBC}") = "Ex26_String_function_Quiz", "Ex25_String_function_Quiz\Ex26_String_function_Quiz.csproj", "{D6FD12A9-4639-4DC1-8240-A324305DC621}"
EndProject
Global
	GlobalSection(SolutionConfigurationPlatforms) = preSolution
		Debug|Any CPU = Debug|Any CPU
		Release|Any CPU = Release|Any CPU
	EndGlobalSection
	GlobalSection(ProjectConfigurationPlatforms) = postSolution
		{4F9A1F0C-6AE2-484B-9FBB-A246B59FC3E7}.Debug|Any CPU.ActiveCfg = Debug|Any CPU
		{4F9A1F0C-6AE2-484B-9FBB-A246B59FC3E7}.Debug|Any CPU.Build.0 = Debug|Any CPU
		{4F9A1F0C-6AE2-484B-9FBB-A246B59FC3E7}.Release|Any CPU.ActiveCfg = Release|Any CPU
		{4F9A1F0C-6AE2-484B-9FBB-A246B59FC3E7}.Release|Any CPU.Build.0 = Release|Any CPU
		{2418B7BD-E1DF-46DC-8732-5DD1AB58033F}.Debug|Any CPU.ActiveCfg = Debug|Any CPU
		{2418B7BD-E1DF-46DC-8732-5DD1AB58033F}.Debug|Any CPU.Build.0 = Debug|Any CPU
		{2418B7BD-E1DF-46DC-8732-5DD1AB58033F}.Release|Any CPU.ActiveCfg = Release|Any CPU
		{2418B7BD-E1DF-46DC-8732-5DD1AB58033F}.Release|Any CPU.Build.0 = Release|Any CPU
		{F02ECEEF-FD86-459A-A981-B7C7F1387FE2}.Debug|Any CPU.ActiveCfg = Debug|Any CPU
		{F02ECEEF-FD86-459A-A981-B7C7F1387FE2}.Debug|Any CPU.Build.0 = Debug|Any CPU
		{F02ECEEF-FD86-459A-A981-B7C7F1387FE2}.Release|Any CPU.ActiveCfg = Release|Any CPU
		{F02ECEEF-FD86-459A-A981-B7C7F1387FE2}.Release|Any CPU.Build.0 = Release|Any CPU
		{28229E64-6ED7-45A8-9C04-8774B6A98A08}.Debug|Any CPU.ActiveCfg = Debug|Any CPU
		{28229E64-6ED7-45A8-9C04-8774B6A98A08}.Debug|Any CPU.Build.0 = Debug|Any CPU
		{28229E64-6ED7-45A8-9C04-8774B6A98A08}.Release|Any CPU.ActiveCfg = Release|Any CPU
		{28229E64-6ED7-45A8-9C04-8774B6A98A08}.Release|Any CPU.Build.0 = Release|Any CPU
		{7692280A-2817-4F19-85D1-812D51B4EA06}.Debug|Any CPU.ActiveCfg = Debug|Any CPU
		{7692280A-2817-4F19-85D1-812D51B4EA06}.Debug|Any CPU.Build.0 = Debug|Any CPU
		{7692280A-2817-4F19-85D1-812D51B4EA06}.Release|Any CPU.ActiveCfg = Release|Any CPU
		{7692280A-2817-4F19-85D1-812D51B4EA06}.Release|Any CPU.Build.0 = Release|Any CPU
		{7C7ED3E1-355E-4BD4-898D-6483086564EC}.Debug|Any CPU.ActiveCfg = Debug|Any CPU
		{7C7ED3E1-355E-4BD4-898D-6483086564EC}.Debug|Any CPU.Build.0 = Debug|Any CPU
		{7C7ED3E1-355E-4BD4-898D-6483086564EC}.Release|Any CPU.ActiveCfg = Release|Any CPU
		{7C7ED3E1-355E-4BD4-898D-6483086564EC}.Release|Any CPU.Build.0 = Release|Any CPU
		{C388A88E-CDB0-4F95-9DED-82D7086752F8}.Debug|Any CPU.ActiveCfg = Debug|Any CPU
		{C388A88E-CDB0-4F95-9DED-82D7086752F8}.Debug|Any CPU.Build.0 = Debug|Any CPU
		{C388A88E-CDB0-4F95-9DED-82D7086752F8}.Release|Any CPU.ActiveCfg = Release|Any CPU
		{C388A88E-CDB0-4F95-9DED-82D7086752F8}.Release|Any CPU.Build.0 = Release|Any CPU
		{88A565F9-3BE0-4044-B114-CAA27F9AA551}.Debug|Any CPU.ActiveCfg = Debug|Any CPU
		{88A565F9-3BE0-4044-B114-CAA27F9AA551}.Debug|Any CPU.Build.0 = Debug|Any CPU
		{88A565F9-3BE0-4044-B114-CAA27F9AA551}.Release|Any CPU.ActiveCfg = Release|Any CPU
		{88A565F9-3BE0-4044-B114-CAA27F9AA551}.Release|Any CPU.Build.0 = Release|Any CPU
		{F5F21EA1-27F3-44EB-84BF-CF1068211BB9}.Debug|Any CPU.ActiveCfg = Debug|Any CPU
		{F5F21EA1-27F3-44EB-84BF-CF1068211BB9}.Debug|Any CPU.Build.0 = Debug|Any CPU
		{F5F21EA1-27F3-44EB-84BF-CF1068211BB9}.Release|Any CPU.ActiveCfg = Release|Any CPU
		{F5F21EA1-27F3-44EB-84BF-CF1068211BB9}.Release|Any CPU.Build.0 = Release|Any CPU
		{EB83E0FF-2294-4B22-8E77-13C0D02EE17D}.Debug|Any CPU.ActiveCfg = Debug|Any CPU
		{EB83E0FF-2294-4B22-8E77-13C0D02EE17D}.Debug|Any CPU.Build.0 = Debug|Any CPU
		{EB83E0FF-2294-4B22-8E77-13C0D02EE17D}.Release|Any CPU.ActiveCfg = Release|Any CPU
		{EB83E0FF-2294-4B22-8E77-13C0D02EE17D}.Release|Any CPU.Build.0 = Release|Any CPU
		{78BEEEF2-DB61-415F-B982-ED82BAD0E8FC}.Debug|Any CPU.ActiveCfg = Debug|Any CPU
		{78BEEEF2-DB61-415F-B982-ED82BAD0E8FC}.Debug|Any CPU.Build.0 = Debug|Any CPU
		{78BEEEF2-DB61-415F-B982-ED82BAD0E8FC}.Release|Any CPU.ActiveCfg = Release|Any CPU
		{78BEEEF2-DB61-415F-B982-ED82BAD0E8FC}.Release|Any CPU.Build.0 = Release|Any CPU
		{8292FCDA-80A2-4C84-B2FA-7BCEA791E6A6}.Debug|Any CPU.ActiveCfg = Debug|Any CPU
		{8292FCDA-80A2-4C84-B2FA-7BCEA791E6A6}.Debug|Any CPU.Build.0 = Debug|Any CPU
		{8292FCDA-80A2-4C84-B2FA-7BCEA791E6A6}.Release|Any CPU.ActiveCfg = Release|Any CPU
		{8292FCDA-80A2-4C84-B2FA-7BCEA791E6A6}.Release|Any CPU.Build.0 = Release|Any CPU
		{144F0461-E7DD-4388-A26F-36C1CDBF7DA4}.Debug|Any CPU.ActiveCfg = Debug|Any CPU
		{144F0461-E7DD-4388-A26F-36C1CDBF7DA4}.Debug|Any CPU.Build.0 = Debug|Any CPU
		{144F0461-E7DD-4388-A26F-36C1CDBF7DA4}.Release|Any CPU.ActiveCfg = Release|Any CPU
		{144F0461-E7DD-4388-A26F-36C1CDBF7DA4}.Release|Any CPU.Build.0 = Release|Any CPU
		{1A6EE957-32FE-4A6D-BD1E-24E259FB8641}.Debug|Any CPU.ActiveCfg = Debug|Any CPU
		{1A6EE957-32FE-4A6D-BD1E-24E259FB8641}.Debug|Any CPU.Build.0 = Debug|Any CPU
		{1A6EE957-32FE-4A6D-BD1E-24E259FB8641}.Release|Any CPU.ActiveCfg = Release|Any CPU
		{1A6EE957-32FE-4A6D-BD1E-24E259FB8641}.Release|Any CPU.Build.0 = Release|Any CPU
		{C6B7573C-EDF0-432D-94BB-0DCBAFB40830}.Debug|Any CPU.ActiveCfg = Debug|Any CPU
		{C6B7573C-EDF0-432D-94BB-0DCBAFB40830}.Debug|Any CPU.Build.0 = Debug|Any CPU
		{C6B7573C-EDF0-432D-94BB-0DCBAFB40830}.Release|Any CPU.ActiveCfg = Release|Any CPU
		{C6B7573C-EDF0-432D-94BB-0DCBAFB40830}.Release|Any CPU.Build.0 = Release|Any CPU
		{2FBCB8BC-93B6-42B0-BE5C-B38E044A6004}.Debug|Any CPU.ActiveCfg = Debug|Any CPU
		{2FBCB8BC-93B6-42B0-BE5C-B38E044A6004}.Debug|Any CPU.Build.0 = Debug|Any CPU
		{2FBCB8BC-93B6-42B0-BE5C-B38E044A6004}.Release|Any CPU.ActiveCfg = Release|Any CPU
		{2FBCB8BC-93B6-42B0-BE5C-B38E044A6004}.Release|Any CPU.Build.0 = Release|Any CPU
		{17C1D916-C34B-427E-8F7D-CB0D8E06BC98}.Debug|Any CPU.ActiveCfg = Debug|Any CPU
		{17C1D916-C34B-427E-8F7D-CB0D8E06BC98}.Debug|Any CPU.Build.0 = Debug|Any CPU
		{17C1D916-C34B-427E-8F7D-CB0D8E06BC98}.Release|Any CPU.ActiveCfg = Release|Any CPU
		{17C1D916-C34B-427E-8F7D-CB0D8E06BC98}.Release|Any CPU.Build.0 = Release|Any CPU
		{36FAE846-1645-44D9-BBC9-486064879C0B}.Debug|Any CPU.ActiveCfg = Debug|Any CPU
		{36FAE846-1645-44D9-BBC9-486064879C0B}.Debug|Any CPU.Build.0 = Debug|Any CPU
		{36FAE846-1645-44D9-BBC9-486064879C0B}.Release|Any CPU.ActiveCfg = Release|Any CPU
		{36FAE846-1645-44D9-BBC9-486064879C0B}.Release|Any CPU.Build.0 = Release|Any CPU
		{82AEB089-7B71-4F4A-9544-CDD9EE445AFB}.Debug|Any CPU.ActiveCfg = Debug|Any CPU
		{82AEB089-7B71-4F4A-9544-CDD9EE445AFB}.Debug|Any CPU.Build.0 = Debug|Any CPU
		{82AEB089-7B71-4F4A-9544-CDD9EE445AFB}.Release|Any CPU.ActiveCfg = Release|Any CPU
		{82AEB089-7B71-4F4A-9544-CDD9EE445AFB}.Release|Any CPU.Build.0 = Release|Any CPU
		{C2881B2A-570D-44DE-B7E1-9196F26D1466}.Debug|Any CPU.ActiveCfg = Debug|Any CPU
		{C2881B2A-570D-44DE-B7E1-9196F26D1466}.Debug|Any CPU.Build.0 = Debug|Any CPU
		{C2881B2A-570D-44DE-B7E1-9196F26D1466}.Release|Any CPU.ActiveCfg = Release|Any CPU
		{C2881B2A-570D-44DE-B7E1-9196F26D1466}.Release|Any CPU.Build.0 = Release|Any CPU
		{3F6DB1B6-C72E-4D5B-8EEB-5495023EAF22}.Debug|Any CPU.ActiveCfg = Debug|Any CPU
		{3F6DB1B6-C72E-4D5B-8EEB-5495023EAF22}.Debug|Any CPU.Build.0 = Debug|Any CPU
		{3F6DB1B6-C72E-4D5B-8EEB-5495023EAF22}.Release|Any CPU.ActiveCfg = Release|Any CPU
		{3F6DB1B6-C72E-4D5B-8EEB-5495023EAF22}.Release|Any CPU.Build.0 = Release|Any CPU
		{22877CC6-6AAA-4607-95F4-D80C26D1857D}.Debug|Any CPU.ActiveCfg = Debug|Any CPU
		{22877CC6-6AAA-4607-95F4-D80C26D1857D}.Debug|Any CPU.Build.0 = Debug|Any CPU
		{22877CC6-6AAA-4607-95F4-D80C26D1857D}.Release|Any CPU.ActiveCfg = Release|Any CPU
		{22877CC6-6AAA-4607-95F4-D80C26D1857D}.Release|Any CPU.Build.0 = Release|Any CPU
		{21D34330-057B-4076-A3F5-2AAA3651F265}.Debug|Any CPU.ActiveCfg = Debug|Any CPU
		{21D34330-057B-4076-A3F5-2AAA3651F265}.Debug|Any CPU.Build.0 = Debug|Any CPU
		{21D34330-057B-4076-A3F5-2AAA3651F265}.Release|Any CPU.ActiveCfg = Release|Any CPU
		{21D34330-057B-4076-A3F5-2AAA3651F265}.Release|Any CPU.Build.0 = Release|Any CPU
		{C33702C4-E51D-49E4-899A-A60151D9F027}.Debug|Any CPU.ActiveCfg = Debug|Any CPU
		{C33702C4-E51D-49E4-899A-A60151D9F027}.Debug|Any CPU.Build.0 = Debug|Any CPU
		{C33702C4-E51D-49E4-899A-A60151D9F027}.Release|Any CPU.ActiveCfg = Release|Any CPU
		{C33702C4-E51D-49E4-899A-A60151D9F027}.Release|Any CPU.Build.0 = Release|Any CPU
		{50969596-ADFA-435C-89FF-DC27AA93A61D}.Debug|Any CPU.ActiveCfg = Debug|Any CPU
		{50969596-ADFA-435C-89FF-DC27AA93A61D}.Debug|Any CPU.Build.0 = Debug|Any CPU
		{50969596-ADFA-435C-89FF-DC27AA93A61D}.Release|Any CPU.ActiveCfg = Release|Any CPU
		{50969596-ADFA-435C-89FF-DC27AA93A61D}.Release|Any CPU.Build.0 = Release|Any CPU
		{11CEB391-C303-4CB7-920E-7CCC716F3D86}.Debug|Any CPU.ActiveCfg = Debug|Any CPU
		{11CEB391-C303-4CB7-920E-7CCC716F3D86}.Debug|Any CPU.Build.0 = Debug|Any CPU
		{11CEB391-C303-4CB7-920E-7CCC716F3D86}.Release|Any CPU.ActiveCfg = Release|Any CPU
		{11CEB391-C303-4CB7-920E-7CCC716F3D86}.Release|Any CPU.Build.0 = Release|Any CPU
		{D6FD12A9-4639-4DC1-8240-A324305DC621}.Debug|Any CPU.ActiveCfg = Debug|Any CPU
		{D6FD12A9-4639-4DC1-8240-A324305DC621}.Debug|Any CPU.Build.0 = Debug|Any CPU
		{D6FD12A9-4639-4DC1-8240-A324305DC621}.Release|Any CPU.ActiveCfg = Release|Any CPU
		{D6FD12A9-4639-4DC1-8240-A324305DC621}.Release|Any CPU.Build.0 = Release|Any CPU
	EndGlobalSection
	GlobalSection(SolutionProperties) = preSolution
		HideSolutionNode = FALSE
	EndGlobalSection
	GlobalSection(ExtensibilityGlobals) = postSolution
		SolutionGuid = {5494DB35-C10A-4FA8-9CDA-DD83ABFFF346}
	EndGlobalSection
EndGlobal
